// !$*UTF8*$!
{
	archiveVersion = 1;
	classes = {
	};
	objectVersion = 46;
	objects = {

/* Begin PBXBuildFile section */
		0C40421717CB5DC9000AC178 /* UIKit.framework in Frameworks */ = {isa = PBXBuildFile; fileRef = 0C40421617CB5DC9000AC178 /* UIKit.framework */; };
		0C40421917CB5DC9000AC178 /* Foundation.framework in Frameworks */ = {isa = PBXBuildFile; fileRef = 0C40421817CB5DC9000AC178 /* Foundation.framework */; };
		0C40421B17CB5DC9000AC178 /* CoreGraphics.framework in Frameworks */ = {isa = PBXBuildFile; fileRef = 0C40421A17CB5DC9000AC178 /* CoreGraphics.framework */; };
		0C40422117CB5DC9000AC178 /* InfoPlist.strings in Resources */ = {isa = PBXBuildFile; fileRef = 0C40421F17CB5DC9000AC178 /* InfoPlist.strings */; };
		0C40422317CB5DC9000AC178 /* main.m in Sources */ = {isa = PBXBuildFile; fileRef = 0C40422217CB5DC9000AC178 /* main.m */; };
		0C40422717CB5DC9000AC178 /* AppDelegate.m in Sources */ = {isa = PBXBuildFile; fileRef = 0C40422617CB5DC9000AC178 /* AppDelegate.m */; };
		0C40422917CB5DCA000AC178 /* Default.png in Resources */ = {isa = PBXBuildFile; fileRef = 0C40422817CB5DCA000AC178 /* Default.png */; };
		0C40422B17CB5DCA000AC178 /* Default@2x.png in Resources */ = {isa = PBXBuildFile; fileRef = 0C40422A17CB5DCA000AC178 /* Default@2x.png */; };
		0C40422D17CB5DCA000AC178 /* Default-568h@2x.png in Resources */ = {isa = PBXBuildFile; fileRef = 0C40422C17CB5DCA000AC178 /* Default-568h@2x.png */; };
		0C40423017CB5DCA000AC178 /* ViewController.m in Sources */ = {isa = PBXBuildFile; fileRef = 0C40422F17CB5DCA000AC178 /* ViewController.m */; };
		0C40423317CB5DCA000AC178 /* ViewController.xib in Resources */ = {isa = PBXBuildFile; fileRef = 0C40423117CB5DCA000AC178 /* ViewController.xib */; };
		0C40423C17CB5E90000AC178 /* FFPullToLoadMoreView.m in Sources */ = {isa = PBXBuildFile; fileRef = 0C40423B17CB5E90000AC178 /* FFPullToLoadMoreView.m */; };
		0C40423E17CB5FEC000AC178 /* QuartzCore.framework in Frameworks */ = {isa = PBXBuildFile; fileRef = 0C40423D17CB5FEC000AC178 /* QuartzCore.framework */; };
		0C40424117CB6669000AC178 /* arrow.png in Resources */ = {isa = PBXBuildFile; fileRef = 0C40423F17CB6669000AC178 /* arrow.png */; };
		0C40424217CB6669000AC178 /* arrow@2x.png in Resources */ = {isa = PBXBuildFile; fileRef = 0C40424017CB6669000AC178 /* arrow@2x.png */; };
/* End PBXBuildFile section */

/* Begin PBXFileReference section */
		0C40421317CB5DC9000AC178 /* LoadMoreDemo.app */ = {isa = PBXFileReference; explicitFileType = wrapper.application; includeInIndex = 0; path = LoadMoreDemo.app; sourceTree = BUILT_PRODUCTS_DIR; };
		0C40421617CB5DC9000AC178 /* UIKit.framework */ = {isa = PBXFileReference; lastKnownFileType = wrapper.framework; name = UIKit.framework; path = System/Library/Frameworks/UIKit.framework; sourceTree = SDKROOT; };
		0C40421817CB5DC9000AC178 /* Foundation.framework */ = {isa = PBXFileReference; lastKnownFileType = wrapper.framework; name = Foundation.framework; path = System/Library/Frameworks/Foundation.framework; sourceTree = SDKROOT; };
		0C40421A17CB5DC9000AC178 /* CoreGraphics.framework */ = {isa = PBXFileReference; lastKnownFileType = wrapper.framework; name = CoreGraphics.framework; path = System/Library/Frameworks/CoreGraphics.framework; sourceTree = SDKROOT; };
		0C40421E17CB5DC9000AC178 /* LoadMoreDemo-Info.plist */ = {isa = PBXFileReference; lastKnownFileType = text.plist.xml; path = "LoadMoreDemo-Info.plist"; sourceTree = "<group>"; };
		0C40422017CB5DC9000AC178 /* en */ = {isa = PBXFileReference; lastKnownFileType = text.plist.strings; name = en; path = en.lproj/InfoPlist.strings; sourceTree = "<group>"; };
		0C40422217CB5DC9000AC178 /* main.m */ = {isa = PBXFileReference; lastKnownFileType = sourcecode.c.objc; path = main.m; sourceTree = "<group>"; };
		0C40422417CB5DC9000AC178 /* LoadMoreDemo-Prefix.pch */ = {isa = PBXFileReference; lastKnownFileType = sourcecode.c.h; path = "LoadMoreDemo-Prefix.pch"; sourceTree = "<group>"; };
		0C40422517CB5DC9000AC178 /* AppDelegate.h */ = {isa = PBXFileReference; lastKnownFileType = sourcecode.c.h; path = AppDelegate.h; sourceTree = "<group>"; };
		0C40422617CB5DC9000AC178 /* AppDelegate.m */ = {isa = PBXFileReference; lastKnownFileType = sourcecode.c.objc; path = AppDelegate.m; sourceTree = "<group>"; };
		0C40422817CB5DCA000AC178 /* Default.png */ = {isa = PBXFileReference; lastKnownFileType = image.png; path = Default.png; sourceTree = "<group>"; };
		0C40422A17CB5DCA000AC178 /* Default@2x.png */ = {isa = PBXFileReference; lastKnownFileType = image.png; path = "Default@2x.png"; sourceTree = "<group>"; };
		0C40422C17CB5DCA000AC178 /* Default-568h@2x.png */ = {isa = PBXFileReference; lastKnownFileType = image.png; path = "Default-568h@2x.png"; sourceTree = "<group>"; };
		0C40422E17CB5DCA000AC178 /* ViewController.h */ = {isa = PBXFileReference; lastKnownFileType = sourcecode.c.h; path = ViewController.h; sourceTree = "<group>"; };
		0C40422F17CB5DCA000AC178 /* ViewController.m */ = {isa = PBXFileReference; lastKnownFileType = sourcecode.c.objc; path = ViewController.m; sourceTree = "<group>"; };
		0C40423217CB5DCA000AC178 /* en */ = {isa = PBXFileReference; lastKnownFileType = file.xib; name = en; path = en.lproj/ViewController.xib; sourceTree = "<group>"; };
		0C40423A17CB5E90000AC178 /* FFPullToLoadMoreView.h */ = {isa = PBXFileReference; fileEncoding = 4; lastKnownFileType = sourcecode.c.h; path = FFPullToLoadMoreView.h; sourceTree = "<group>"; };
		0C40423B17CB5E90000AC178 /* FFPullToLoadMoreView.m */ = {isa = PBXFileReference; fileEncoding = 4; lastKnownFileType = sourcecode.c.objc; path = FFPullToLoadMoreView.m; sourceTree = "<group>"; };
		0C40423D17CB5FEC000AC178 /* QuartzCore.framework */ = {isa = PBXFileReference; lastKnownFileType = wrapper.framework; name = QuartzCore.framework; path = System/Library/Frameworks/QuartzCore.framework; sourceTree = SDKROOT; };
		0C40423F17CB6669000AC178 /* arrow.png */ = {isa = PBXFileReference; lastKnownFileType = image.png; path = arrow.png; sourceTree = "<group>"; };
		0C40424017CB6669000AC178 /* arrow@2x.png */ = {isa = PBXFileReference; lastKnownFileType = image.png; path = "arrow@2x.png"; sourceTree = "<group>"; };
/* End PBXFileReference section */

/* Begin PBXFrameworksBuildPhase section */
		0C40421017CB5DC9000AC178 /* Frameworks */ = {
			isa = PBXFrameworksBuildPhase;
			buildActionMask = 2147483647;
			files = (
				0C40423E17CB5FEC000AC178 /* QuartzCore.framework in Frameworks */,
				0C40421717CB5DC9000AC178 /* UIKit.framework in Frameworks */,
				0C40421917CB5DC9000AC178 /* Foundation.framework in Frameworks */,
				0C40421B17CB5DC9000AC178 /* CoreGraphics.framework in Frameworks */,
			);
			runOnlyForDeploymentPostprocessing = 0;
		};
/* End PBXFrameworksBuildPhase section */

/* Begin PBXGroup section */
		0C40420A17CB5DC9000AC178 = {
			isa = PBXGroup;
			children = (
				0C40423D17CB5FEC000AC178 /* QuartzCore.framework */,
				0C40421C17CB5DC9000AC178 /* LoadMoreDemo */,
				0C40421517CB5DC9000AC178 /* Frameworks */,
				0C40421417CB5DC9000AC178 /* Products */,
			);
			sourceTree = "<group>";
		};
		0C40421417CB5DC9000AC178 /* Products */ = {
			isa = PBXGroup;
			children = (
				0C40421317CB5DC9000AC178 /* LoadMoreDemo.app */,
			);
			name = Products;
			sourceTree = "<group>";
		};
		0C40421517CB5DC9000AC178 /* Frameworks */ = {
			isa = PBXGroup;
			children = (
				0C40421617CB5DC9000AC178 /* UIKit.framework */,
				0C40421817CB5DC9000AC178 /* Foundation.framework */,
				0C40421A17CB5DC9000AC178 /* CoreGraphics.framework */,
			);
			name = Frameworks;
			sourceTree = "<group>";
		};
		0C40421C17CB5DC9000AC178 /* LoadMoreDemo */ = {
			isa = PBXGroup;
			children = (
				0C40423917CB5E50000AC178 /* FFPullToLoadMore */,
				0C40422517CB5DC9000AC178 /* AppDelegate.h */,
				0C40422617CB5DC9000AC178 /* AppDelegate.m */,
				0C40422E17CB5DCA000AC178 /* ViewController.h */,
				0C40422F17CB5DCA000AC178 /* ViewController.m */,
				0C40423117CB5DCA000AC178 /* ViewController.xib */,
				0C40421D17CB5DC9000AC178 /* Supporting Files */,
			);
			path = LoadMoreDemo;
			sourceTree = "<group>";
		};
		0C40421D17CB5DC9000AC178 /* Supporting Files */ = {
			isa = PBXGroup;
			children = (
				0C40423F17CB6669000AC178 /* arrow.png */,
				0C40424017CB6669000AC178 /* arrow@2x.png */,
				0C40421E17CB5DC9000AC178 /* LoadMoreDemo-Info.plist */,
				0C40421F17CB5DC9000AC178 /* InfoPlist.strings */,
				0C40422217CB5DC9000AC178 /* main.m */,
				0C40422417CB5DC9000AC178 /* LoadMoreDemo-Prefix.pch */,
				0C40422817CB5DCA000AC178 /* Default.png */,
				0C40422A17CB5DCA000AC178 /* Default@2x.png */,
				0C40422C17CB5DCA000AC178 /* Default-568h@2x.png */,
			);
			name = "Supporting Files";
			sourceTree = "<group>";
		};
		0C40423917CB5E50000AC178 /* FFPullToLoadMore */ = {
			isa = PBXGroup;
			children = (
				0C40423A17CB5E90000AC178 /* FFPullToLoadMoreView.h */,
				0C40423B17CB5E90000AC178 /* FFPullToLoadMoreView.m */,
			);
			path = FFPullToLoadMore;
			sourceTree = "<group>";
		};
/* End PBXGroup section */

/* Begin PBXNativeTarget section */
		0C40421217CB5DC9000AC178 /* LoadMoreDemo */ = {
			isa = PBXNativeTarget;
			buildConfigurationList = 0C40423617CB5DCA000AC178 /* Build configuration list for PBXNativeTarget "LoadMoreDemo" */;
			buildPhases = (
				0C40420F17CB5DC9000AC178 /* Sources */,
				0C40421017CB5DC9000AC178 /* Frameworks */,
				0C40421117CB5DC9000AC178 /* Resources */,
			);
			buildRules = (
			);
			dependencies = (
			);
			name = LoadMoreDemo;
			productName = LoadMoreDemo;
			productReference = 0C40421317CB5DC9000AC178 /* LoadMoreDemo.app */;
			productType = "com.apple.product-type.application";
		};
/* End PBXNativeTarget section */

/* Begin PBXProject section */
		0C40420B17CB5DC9000AC178 /* Project object */ = {
			isa = PBXProject;
			attributes = {
				LastUpgradeCheck = 0460;
				ORGANIZATIONNAME = fairzy;
			};
			buildConfigurationList = 0C40420E17CB5DC9000AC178 /* Build configuration list for PBXProject "LoadMoreDemo" */;
			compatibilityVersion = "Xcode 3.2";
			developmentRegion = English;
			hasScannedForEncodings = 0;
			knownRegions = (
				en,
			);
			mainGroup = 0C40420A17CB5DC9000AC178;
			productRefGroup = 0C40421417CB5DC9000AC178 /* Products */;
			projectDirPath = "";
			projectRoot = "";
			targets = (
				0C40421217CB5DC9000AC178 /* LoadMoreDemo */,
			);
		};
/* End PBXProject section */

/* Begin PBXResourcesBuildPhase section */
		0C40421117CB5DC9000AC178 /* Resources */ = {
			isa = PBXResourcesBuildPhase;
			buildActionMask = 2147483647;
			files = (
				0C40422117CB5DC9000AC178 /* InfoPlist.strings in Resources */,
				0C40422917CB5DCA000AC178 /* Default.png in Resources */,
				0C40422B17CB5DCA000AC178 /* Default@2x.png in Resources */,
				0C40422D17CB5DCA000AC178 /* Default-568h@2x.png in Resources */,
				0C40423317CB5DCA000AC178 /* ViewController.xib in Resources */,
				0C40424117CB6669000AC178 /* arrow.png in Resources */,
				0C40424217CB6669000AC178 /* arrow@2x.png in Resources */,
			);
			runOnlyForDeploymentPostprocessing = 0;
		};
/* End PBXResourcesBuildPhase section */

/* Begin PBXSourcesBuildPhase section */
		0C40420F17CB5DC9000AC178 /* Sources */ = {
			isa = PBXSourcesBuildPhase;
			buildActionMask = 2147483647;
			files = (
				0C40422317CB5DC9000AC178 /* main.m in Sources */,
				0C40422717CB5DC9000AC178 /* AppDelegate.m in Sources */,
				0C40423017CB5DCA000AC178 /* ViewController.m in Sources */,
				0C40423C17CB5E90000AC178 /* FFPullToLoadMoreView.m in Sources */,
			);
			runOnlyForDeploymentPostprocessing = 0;
		};
/* End PBXSourcesBuildPhase section */

/* Begin PBXVariantGroup section */
		0C40421F17CB5DC9000AC178 /* InfoPlist.strings */ = {
			isa = PBXVariantGroup;
			children = (
				0C40422017CB5DC9000AC178 /* en */,
			);
			name = InfoPlist.strings;
			sourceTree = "<group>";
		};
		0C40423117CB5DCA000AC178 /* ViewController.xib */ = {
			isa = PBXVariantGroup;
			children = (
				0C40423217CB5DCA000AC178 /* en */,
			);
			name = ViewController.xib;
			sourceTree = "<group>";
		};
/* End PBXVariantGroup section */

/* Begin XCBuildConfiguration section */
		0C40423417CB5DCA000AC178 /* Debug */ = {
			isa = XCBuildConfiguration;
			buildSettings = {
				ALWAYS_SEARCH_USER_PATHS = NO;
				CLANG_CXX_LANGUAGE_STANDARD = "gnu++0x";
				CLANG_CXX_LIBRARY = "libc++";
				CLANG_ENABLE_OBJC_ARC = YES;
				CLANG_WARN_CONSTANT_CONVERSION = YES;
				CLANG_WARN_EMPTY_BODY = YES;
				CLANG_WARN_ENUM_CONVERSION = YES;
				CLANG_WARN_INT_CONVERSION = YES;
				CLANG_WARN__DUPLICATE_METHOD_MATCH = YES;
				"CODE_SIGN_IDENTITY[sdk=iphoneos*]" = "iPhone Developer";
				COPY_PHASE_STRIP = NO;
				GCC_C_LANGUAGE_STANDARD = gnu99;
				GCC_DYNAMIC_NO_PIC = NO;
				GCC_OPTIMIZATION_LEVEL = 0;
				GCC_PREPROCESSOR_DEFINITIONS = (
					"DEBUG=1",
					"$(inherited)",
				);
				GCC_SYMBOLS_PRIVATE_EXTERN = NO;
				GCC_WARN_ABOUT_RETURN_TYPE = YES;
				GCC_WARN_UNINITIALIZED_AUTOS = YES;
				GCC_WARN_UNUSED_VARIABLE = YES;
				IPHONEOS_DEPLOYMENT_TARGET = 6.1;
				ONLY_ACTIVE_ARCH = YES;
				SDKROOT = iphoneos;
			};
			name = Debug;
		};
		0C40423517CB5DCA000AC178 /* Release */ = {
			isa = XCBuildConfiguration;
			buildSettings = {
				ALWAYS_SEARCH_USER_PATHS = NO;
				CLANG_CXX_LANGUAGE_STANDARD = "gnu++0x";
				CLANG_CXX_LIBRARY = "libc++";
				CLANG_ENABLE_OBJC_ARC = YES;
				CLANG_WARN_CONSTANT_CONVERSION = YES;
				CLANG_WARN_EMPTY_BODY = YES;
				CLANG_WARN_ENUM_CONVERSION = YES;
				CLANG_WARN_INT_CONVERSION = YES;
				CLANG_WARN__DUPLICATE_METHOD_MATCH = YES;
				"CODE_SIGN_IDENTITY[sdk=iphoneos*]" = "iPhone Developer";
				COPY_PHASE_STRIP = YES;
				GCC_C_LANGUAGE_STANDARD = gnu99;
				GCC_WARN_ABOUT_RETURN_TYPE = YES;
				GCC_WARN_UNINITIALIZED_AUTOS = YES;
				GCC_WARN_UNUSED_VARIABLE = YES;
				IPHONEOS_DEPLOYMENT_TARGET = 6.1;
				OTHER_CFLAGS = "-DNS_BLOCK_ASSERTIONS=1";
				SDKROOT = iphoneos;
				VALIDATE_PRODUCT = YES;
			};
			name = Release;
		};
		0C40423717CB5DCA000AC178 /* Debug */ = {
			isa = XCBuildConfiguration;
			buildSettings = {
				GCC_PRECOMPILE_PREFIX_HEADER = YES;
				GCC_PREFIX_HEADER = "LoadMoreDemo/LoadMoreDemo-Prefix.pch";
				INFOPLIST_FILE = "LoadMoreDemo/LoadMoreDemo-Info.plist";
				IPHONEOS_DEPLOYMENT_TARGET = 5.0;
				PRODUCT_NAME = "$(TARGET_NAME)";
				WRAPPER_EXTENSION = app;
			};
			name = Debug;
		};
		0C40423817CB5DCA000AC178 /* Release */ = {
			isa = XCBuildConfiguration;
			buildSettings = {
				GCC_PRECOMPILE_PREFIX_HEADER = YES;
				GCC_PREFIX_HEADER = "LoadMoreDemo/LoadMoreDemo-Prefix.pch";
				INFOPLIST_FILE = "LoadMoreDemo/LoadMoreDemo-Info.plist";
				IPHONEOS_DEPLOYMENT_TARGET = 5.0;
				PRODUCT_NAME = "$(TARGET_NAME)";
				WRAPPER_EXTENSION = app;
			};
			name = Release;
		};
/* End XCBuildConfiguration section */

/* Begin XCConfigurationList section */
		0C40420E17CB5DC9000AC178 /* Build configuration list for PBXProject "LoadMoreDemo" */ = {
			isa = XCConfigurationList;
			buildConfigurations = (
				0C40423417CB5DCA000AC178 /* Debug */,
				0C40423517CB5DCA000AC178 /* Release */,
			);
			defaultConfigurationIsVisible = 0;
			defaultConfigurationName = Release;
		};
		0C40423617CB5DCA000AC178 /* Build configuration list for PBXNativeTarget "LoadMoreDemo" */ = {
			isa = XCConfigurationList;
			buildConfigurations = (
				0C40423717CB5DCA000AC178 /* Debug */,
				0C40423817CB5DCA000AC178 /* Release */,
			);
			defaultConfigurationIsVisible = 0;
			defaultConfigurationName = Release;
		};
/* End XCConfigurationList section */
	};
	rootObject = 0C40420B17CB5DC9000AC178 /* Project object */;
}
